// !$*UTF8*$!
{
	archiveVersion = 1;
	classes = {
	};
	objectVersion = 52;
	objects = {

/* Begin PBXBuildFile section */
		534A754528EB21D6003291BE /* TemplateString+DeprecationMessage.swift in Sources */ = {isa = PBXBuildFile; fileRef = 534A754428EB21D6003291BE /* TemplateString+DeprecationMessage.swift */; };
		66321AE72A126C4400CC35CB /* IR+Formatting.swift in Sources */ = {isa = PBXBuildFile; fileRef = 66321AE62A126C4400CC35CB /* IR+Formatting.swift */; };
		9B47518D2575AA850001FB87 /* Pluralizer.swift in Sources */ = {isa = PBXBuildFile; fileRef = 9B47516D2575AA690001FB87 /* Pluralizer.swift */; };
		9B7B6F59233C287200F32205 /* ApolloCodegen.swift in Sources */ = {isa = PBXBuildFile; fileRef = 9B7B6F57233C287100F32205 /* ApolloCodegen.swift */; };
		9B7B6F5A233C287200F32205 /* ApolloCodegenConfiguration.swift in Sources */ = {isa = PBXBuildFile; fileRef = 9B7B6F58233C287100F32205 /* ApolloCodegenConfiguration.swift */; };
		9B7B6F69233C2C0C00F32205 /* FileManager+Apollo.swift in Sources */ = {isa = PBXBuildFile; fileRef = 9B7B6F68233C2C0C00F32205 /* FileManager+Apollo.swift */; };
		9B8C3FB3248DA2FE00707B13 /* URL+Apollo.swift in Sources */ = {isa = PBXBuildFile; fileRef = 9B8C3FB1248DA2EA00707B13 /* URL+Apollo.swift */; };
		9BAEEBEE2346644600808306 /* ApolloSchemaDownloadConfiguration.swift in Sources */ = {isa = PBXBuildFile; fileRef = 9BAEEBED2346644600808306 /* ApolloSchemaDownloadConfiguration.swift */; };
		9BAEEBEF2346644B00808306 /* ApolloSchemaDownloader.swift in Sources */ = {isa = PBXBuildFile; fileRef = 9BAEEBEB234663F200808306 /* ApolloSchemaDownloader.swift */; };
		9BAEEBF32346DDAD00808306 /* CodegenLogger.swift in Sources */ = {isa = PBXBuildFile; fileRef = 9BAEEBF22346DDAD00808306 /* CodegenLogger.swift */; };
		9BAEEBF72346F0A000808306 /* StaticString+Apollo.swift in Sources */ = {isa = PBXBuildFile; fileRef = 9BAEEBF62346F0A000808306 /* StaticString+Apollo.swift */; };
		9BCA8C0926618226004FF2F6 /* UntypedGraphQLRequestBodyCreator.swift in Sources */ = {isa = PBXBuildFile; fileRef = 9BCA8C0826618226004FF2F6 /* UntypedGraphQLRequestBodyCreator.swift */; };
		9BE74D3D23FB4A8E006D354F /* FileFinder.swift in Sources */ = {isa = PBXBuildFile; fileRef = 9BE74D3C23FB4A8E006D354F /* FileFinder.swift */; };
		9BFE8DA9265D5D8F000BBF81 /* URLDownloader.swift in Sources */ = {isa = PBXBuildFile; fileRef = 9BFE8DA8265D5D8F000BBF81 /* URLDownloader.swift */; };
		9F1A966B258F34BB00A06EEB /* GraphQLJSFrontend.swift in Sources */ = {isa = PBXBuildFile; fileRef = 9F1A9665258F34BB00A06EEB /* GraphQLJSFrontend.swift */; };
		9F1A966C258F34BB00A06EEB /* GraphQLSchema.swift in Sources */ = {isa = PBXBuildFile; fileRef = 9F1A9667258F34BB00A06EEB /* GraphQLSchema.swift */; };
		9F1A966D258F34BB00A06EEB /* CompilationResult.swift in Sources */ = {isa = PBXBuildFile; fileRef = 9F1A9668258F34BB00A06EEB /* CompilationResult.swift */; };
		9F1A966F258F34BB00A06EEB /* JavaScriptBridge.swift in Sources */ = {isa = PBXBuildFile; fileRef = 9F1A966A258F34BB00A06EEB /* JavaScriptBridge.swift */; };
		9F628E9525935BE600F94F9D /* GraphQLType.swift in Sources */ = {isa = PBXBuildFile; fileRef = 9F628E9425935BE600F94F9D /* GraphQLType.swift */; };
		9F628EB52593651B00F94F9D /* GraphQLValue.swift in Sources */ = {isa = PBXBuildFile; fileRef = 9F628EB42593651B00F94F9D /* GraphQLValue.swift */; };
		9F62DFD02590710E00E6E808 /* GraphQLSource.swift in Sources */ = {isa = PBXBuildFile; fileRef = 9F62DFCF2590710E00E6E808 /* GraphQLSource.swift */; };
		9F62E03F2590896400E6E808 /* GraphQLError.swift in Sources */ = {isa = PBXBuildFile; fileRef = 9F62E03E2590896400E6E808 /* GraphQLError.swift */; };
		DE01451228A442BF000F6F18 /* String+SwiftNameEscaping.swift in Sources */ = {isa = PBXBuildFile; fileRef = DE01451128A442BF000F6F18 /* String+SwiftNameEscaping.swift */; };
		DE01451428A5A156000F6F18 /* ValidationOptions.swift in Sources */ = {isa = PBXBuildFile; fileRef = DE01451328A5A156000F6F18 /* ValidationOptions.swift */; };
		DE071E7A2899FB7F0089BDAA /* GraphQLCompositeType+SchemaTypeNamespace.swift in Sources */ = {isa = PBXBuildFile; fileRef = DE071E792899FB7F0089BDAA /* GraphQLCompositeType+SchemaTypeNamespace.swift */; };
		DE09114E27288B1F000648E5 /* SortedSelections.swift in Sources */ = {isa = PBXBuildFile; fileRef = DE09114D27288B1F000648E5 /* SortedSelections.swift */; };
		DE0D38F0282ECA6D00AFCC84 /* MockObjectFileGenerator.swift in Sources */ = {isa = PBXBuildFile; fileRef = DE0D38EF282ECA6D00AFCC84 /* MockObjectFileGenerator.swift */; };
		DE100B1A28872D0F00BE11C2 /* Documentation.docc in Sources */ = {isa = PBXBuildFile; fileRef = DE100B1928872D0F00BE11C2 /* Documentation.docc */; };
		DE223C2D2721FCE8004A0148 /* ScopedSelectionSetHashable.swift in Sources */ = {isa = PBXBuildFile; fileRef = DE223C2C2721FCE8004A0148 /* ScopedSelectionSetHashable.swift */; };
		DE2739112769AEBA00B886EF /* SelectionSetTemplate.swift in Sources */ = {isa = PBXBuildFile; fileRef = DE2739102769AEBA00B886EF /* SelectionSetTemplate.swift */; };
		DE2A20E829032E1F008ADE48 /* VersionChecker.swift in Sources */ = {isa = PBXBuildFile; fileRef = DE2A20E729032E1F008ADE48 /* VersionChecker.swift */; };
		DE3484622746FF8F0065B77E /* IR+OperationBuilder.swift in Sources */ = {isa = PBXBuildFile; fileRef = DE3484612746FF8F0065B77E /* IR+OperationBuilder.swift */; };
		DE454BA928B40DA8009DC80E /* SchemaConfigurationFileGenerator.swift in Sources */ = {isa = PBXBuildFile; fileRef = DE454BA828B40DA8009DC80E /* SchemaConfigurationFileGenerator.swift */; };
		DE454BAB28B40E56009DC80E /* SchemaConfigurationTemplate.swift in Sources */ = {isa = PBXBuildFile; fileRef = DE454BAA28B40E56009DC80E /* SchemaConfigurationTemplate.swift */; };
		DE4B1E582891D5F10058D1F6 /* LinkedList.swift in Sources */ = {isa = PBXBuildFile; fileRef = DE4841A82745BBF10001E594 /* LinkedList.swift */; };
		DE4B1E592891D5FE0058D1F6 /* IsEverTrue.swift in Sources */ = {isa = PBXBuildFile; fileRef = DE296BA627A09A11004F571F /* IsEverTrue.swift */; };
		DE4D54E727A3504B00D26B68 /* OperationFileGenerator.swift in Sources */ = {isa = PBXBuildFile; fileRef = DE4D54E627A3504B00D26B68 /* OperationFileGenerator.swift */; };
		DE4D54E927A3518100D26B68 /* FragmentFileGenerator.swift in Sources */ = {isa = PBXBuildFile; fileRef = DE4D54E827A3518100D26B68 /* FragmentFileGenerator.swift */; };
		DE5EEC8527988F1A00AF5913 /* IR+SelectionSet.swift in Sources */ = {isa = PBXBuildFile; fileRef = DE5EEC8427988F1A00AF5913 /* IR+SelectionSet.swift */; };
		DE5FD5FD2769222D0033EE23 /* OperationDefinitionTemplate.swift in Sources */ = {isa = PBXBuildFile; fileRef = DE5FD5FC2769222D0033EE23 /* OperationDefinitionTemplate.swift */; };
		DE5FD601276923620033EE23 /* TemplateString.swift in Sources */ = {isa = PBXBuildFile; fileRef = DE5FD600276923620033EE23 /* TemplateString.swift */; };
		DE5FD60527694FA70033EE23 /* SchemaMetadataTemplate.swift in Sources */ = {isa = PBXBuildFile; fileRef = DE5FD60427694FA70033EE23 /* SchemaMetadataTemplate.swift */; };
		DE5FD607276950CC0033EE23 /* IR+Schema.swift in Sources */ = {isa = PBXBuildFile; fileRef = DE5FD606276950CC0033EE23 /* IR+Schema.swift */; };
		DE5FD60B276970FC0033EE23 /* FragmentTemplate.swift in Sources */ = {isa = PBXBuildFile; fileRef = DE5FD60A276970FC0033EE23 /* FragmentTemplate.swift */; };
		DE6388DF28CBF38E00559697 /* GraphQLEnumValue+Rendered.swift in Sources */ = {isa = PBXBuildFile; fileRef = DE6388DE28CBF38E00559697 /* GraphQLEnumValue+Rendered.swift */; };
		DE6B650C27C4293D00970E4E /* FieldArgumentRendering.swift in Sources */ = {isa = PBXBuildFile; fileRef = DE6B650B27C4293D00970E4E /* FieldArgumentRendering.swift */; };
		DE6D07F927BC3B6D009F5F33 /* GraphQLInputField+Rendered.swift in Sources */ = {isa = PBXBuildFile; fileRef = DE6D07F827BC3B6D009F5F33 /* GraphQLInputField+Rendered.swift */; };
		DE6D07FF27BC7F78009F5F33 /* InputVariableRenderable.swift in Sources */ = {isa = PBXBuildFile; fileRef = DE6D07FE27BC7F78009F5F33 /* InputVariableRenderable.swift */; };
		DE71FDBC2853B67C005FA9CC /* LocalCacheMutationDefinitionTemplate.swift in Sources */ = {isa = PBXBuildFile; fileRef = DE71FDBB2853B67C005FA9CC /* LocalCacheMutationDefinitionTemplate.swift */; };
		DE71FDC02853C242005FA9CC /* OperationTemplateRenderer.swift in Sources */ = {isa = PBXBuildFile; fileRef = DE71FDBF2853C242005FA9CC /* OperationTemplateRenderer.swift */; };
		DE736F4626FA6EE6007187F2 /* InflectorKit in Frameworks */ = {isa = PBXBuildFile; productRef = E6E4209126A7DF4200B82624 /* InflectorKit */; };
		DE796429276998B000978A03 /* IR+RootFieldBuilder.swift in Sources */ = {isa = PBXBuildFile; fileRef = DE796428276998B000978A03 /* IR+RootFieldBuilder.swift */; };
		DE79642D27699A6A00978A03 /* IR+NamedFragmentBuilder.swift in Sources */ = {isa = PBXBuildFile; fileRef = DE79642C27699A6A00978A03 /* IR+NamedFragmentBuilder.swift */; };
		DE7C183C272A12EB00727031 /* ScopeDescriptor.swift in Sources */ = {isa = PBXBuildFile; fileRef = DE7C183B272A12EB00727031 /* ScopeDescriptor.swift */; };
		DE7C183E272A154400727031 /* IR.swift in Sources */ = {isa = PBXBuildFile; fileRef = DE7C183D272A154400727031 /* IR.swift */; };
		DE8C51CA29E8B03700E47A64 /* IRDefinition+RenderingHelpers.swift in Sources */ = {isa = PBXBuildFile; fileRef = DE8C51C929E8B03700E47A64 /* IRDefinition+RenderingHelpers.swift */; };
		DE9CEAEF282C62B700959AF9 /* MockObjectTemplate.swift in Sources */ = {isa = PBXBuildFile; fileRef = DE9CEAEE282C62B700959AF9 /* MockObjectTemplate.swift */; };
		DEA9A23227D822E600F96C36 /* IR+InclusionConditions.swift in Sources */ = {isa = PBXBuildFile; fileRef = DEA9A23127D822E600F96C36 /* IR+InclusionConditions.swift */; };
		DEAFB787270652D100BE02F3 /* OrderedCollections in Frameworks */ = {isa = PBXBuildFile; productRef = DEAFB786270652D100BE02F3 /* OrderedCollections */; };
		DEB05B48289C3B4000170299 /* MockInterfacesFileGenerator.swift in Sources */ = {isa = PBXBuildFile; fileRef = DEB05B47289C3B4000170299 /* MockInterfacesFileGenerator.swift */; };
		DEB05B4A289C3EC300170299 /* MockInterfacesTemplate.swift in Sources */ = {isa = PBXBuildFile; fileRef = DEB05B49289C3EC300170299 /* MockInterfacesTemplate.swift */; };
		DED5B35B286CF16600AE6BFF /* TemplateString+CodegenConfiguration.swift in Sources */ = {isa = PBXBuildFile; fileRef = DED5B35A286CF16600AE6BFF /* TemplateString+CodegenConfiguration.swift */; };
		DEE2DAA227BAF00500EC0607 /* GraphQLType+Rendered.swift in Sources */ = {isa = PBXBuildFile; fileRef = DEE2DAA127BAF00500EC0607 /* GraphQLType+Rendered.swift */; };
		DEFBBC86273470F70088AABC /* IR+Field.swift in Sources */ = {isa = PBXBuildFile; fileRef = DEFBBC85273470F70088AABC /* IR+Field.swift */; };
		DEFE0FC52748822900FFA440 /* IR+EntitySelectionTree.swift in Sources */ = {isa = PBXBuildFile; fileRef = DEFE0FC42748822900FFA440 /* IR+EntitySelectionTree.swift */; };
		DEFE694E280F6CBE001CF4E8 /* IR+FieldCollector.swift in Sources */ = {isa = PBXBuildFile; fileRef = DEFE694D280F6CBE001CF4E8 /* IR+FieldCollector.swift */; };
		E60AE2EE27E3FC6C003C093A /* TemplateRenderer.swift in Sources */ = {isa = PBXBuildFile; fileRef = E60AE2ED27E3FC6C003C093A /* TemplateRenderer.swift */; };
		E610D8D7278EA2390023E495 /* EnumFileGenerator.swift in Sources */ = {isa = PBXBuildFile; fileRef = E610D8D6278EA2390023E495 /* EnumFileGenerator.swift */; };
		E610D8DB278EB0900023E495 /* InterfaceFileGenerator.swift in Sources */ = {isa = PBXBuildFile; fileRef = E610D8DA278EB0900023E495 /* InterfaceFileGenerator.swift */; };
		E610D8DF278F8F1E0023E495 /* UnionFileGenerator.swift in Sources */ = {isa = PBXBuildFile; fileRef = E610D8DE278F8F1E0023E495 /* UnionFileGenerator.swift */; };
		E6203342284F1C9600A291D1 /* MockUnionsFileGenerator.swift in Sources */ = {isa = PBXBuildFile; fileRef = E6203341284F1C9600A291D1 /* MockUnionsFileGenerator.swift */; };
		E6203344284F1D1100A291D1 /* MockUnionsTemplate.swift in Sources */ = {isa = PBXBuildFile; fileRef = E6203343284F1D1100A291D1 /* MockUnionsTemplate.swift */; };
		E623FD2A2797A6F4008B4CED /* InterfaceTemplate.swift in Sources */ = {isa = PBXBuildFile; fileRef = E623FD292797A6F4008B4CED /* InterfaceTemplate.swift */; };
		E63F0C0328EE0F2A009069EA /* ApolloCodegenFrontendBundle.swift in Sources */ = {isa = PBXBuildFile; fileRef = E63F0C0028EE099A009069EA /* ApolloCodegenFrontendBundle.swift */; };
		E64F226D28B8B3FE0011292F /* LogLevelSetter.swift in Sources */ = {isa = PBXBuildFile; fileRef = E64F226C28B8B3FE0011292F /* LogLevelSetter.swift */; };
		E64F7EB827A0854E0059C021 /* UnionTemplate.swift in Sources */ = {isa = PBXBuildFile; fileRef = E64F7EB727A0854E0059C021 /* UnionTemplate.swift */; };
		E64F7EBC27A11A510059C021 /* GraphQLNamedType+SwiftName.swift in Sources */ = {isa = PBXBuildFile; fileRef = E64F7EBB27A11A510059C021 /* GraphQLNamedType+SwiftName.swift */; };
		E64F7EC127A122300059C021 /* ObjectTemplate.swift in Sources */ = {isa = PBXBuildFile; fileRef = E64F7EC027A122300059C021 /* ObjectTemplate.swift */; };
		E669352B2803EE11004E1FFC /* CustomScalarTemplate.swift in Sources */ = {isa = PBXBuildFile; fileRef = E669352A2803EE11004E1FFC /* CustomScalarTemplate.swift */; };
		E669352F2803F09C004E1FFC /* CustomScalarFileGenerator.swift in Sources */ = {isa = PBXBuildFile; fileRef = E669352E2803F09C004E1FFC /* CustomScalarFileGenerator.swift */; };
		E66F8899276C15580000BDA8 /* ObjectFileGenerator.swift in Sources */ = {isa = PBXBuildFile; fileRef = E66F8898276C15580000BDA8 /* ObjectFileGenerator.swift */; };
		E674DB41274C0A9B009BB90E /* Glob.swift in Sources */ = {isa = PBXBuildFile; fileRef = E674DB40274C0A9B009BB90E /* Glob.swift */; };
		E687B3DC28B398E600A9551C /* Constants.swift in Sources */ = {isa = PBXBuildFile; fileRef = E687B3CA28B398E600A9551C /* Constants.swift */; };
		E687B3DD28B398E600A9551C /* InputOptions.swift in Sources */ = {isa = PBXBuildFile; fileRef = E687B3CC28B398E600A9551C /* InputOptions.swift */; };
		E687B3DE28B398E600A9551C /* Error.swift in Sources */ = {isa = PBXBuildFile; fileRef = E687B3CD28B398E600A9551C /* Error.swift */; };
		E687B3DF28B398E600A9551C /* ParsableCommand+RootOutputURL.swift in Sources */ = {isa = PBXBuildFile; fileRef = E687B3CF28B398E600A9551C /* ParsableCommand+RootOutputURL.swift */; };
		E687B3E028B398E600A9551C /* FileManager+Data.swift in Sources */ = {isa = PBXBuildFile; fileRef = E687B3D028B398E600A9551C /* FileManager+Data.swift */; };
		E687B3E128B398E600A9551C /* String+Data.swift in Sources */ = {isa = PBXBuildFile; fileRef = E687B3D128B398E600A9551C /* String+Data.swift */; };
		E687B3E328B398E600A9551C /* FetchSchema.swift in Sources */ = {isa = PBXBuildFile; fileRef = E687B3D428B398E600A9551C /* FetchSchema.swift */; };
		E687B3E428B398E600A9551C /* Initialize.swift in Sources */ = {isa = PBXBuildFile; fileRef = E687B3D528B398E600A9551C /* Initialize.swift */; };
		E687B3E528B398E600A9551C /* Generate.swift in Sources */ = {isa = PBXBuildFile; fileRef = E687B3D628B398E600A9551C /* Generate.swift */; };
		E687B3E728B398E600A9551C /* CodegenProvider.swift in Sources */ = {isa = PBXBuildFile; fileRef = E687B3D928B398E600A9551C /* CodegenProvider.swift */; };
		E687B3E828B398E600A9551C /* SchemaDownloadProvider.swift in Sources */ = {isa = PBXBuildFile; fileRef = E687B3DA28B398E600A9551C /* SchemaDownloadProvider.swift */; };
		E687B3EA28B3993000A9551C /* ApolloCodegenLib.framework in Frameworks */ = {isa = PBXBuildFile; fileRef = 9B7B6F47233C26D100F32205 /* ApolloCodegenLib.framework */; };
		E687B3EB28B3993000A9551C /* ApolloCodegenLib.framework in Embed Frameworks */ = {isa = PBXBuildFile; fileRef = 9B7B6F47233C26D100F32205 /* ApolloCodegenLib.framework */; settings = {ATTRIBUTES = (CodeSignOnCopy, RemoveHeadersOnCopy, ); }; };
		E687B3F228B39A5B00A9551C /* ArgumentParser in Frameworks */ = {isa = PBXBuildFile; productRef = E687B3F128B39A5B00A9551C /* ArgumentParser */; };
		E68D824727A228A80040A46F /* SchemaModuleFileGenerator.swift in Sources */ = {isa = PBXBuildFile; fileRef = E68D824627A228A80040A46F /* SchemaModuleFileGenerator.swift */; };
		E69BEDA52798B86D00000D10 /* InputObjectTemplate.swift in Sources */ = {isa = PBXBuildFile; fileRef = E69BEDA42798B86D00000D10 /* InputObjectTemplate.swift */; };
		E6AAA732286BC58200F4659D /* OperationIdentifiersFileGenerator.swift in Sources */ = {isa = PBXBuildFile; fileRef = E6AAA731286BC58200F4659D /* OperationIdentifiersFileGenerator.swift */; };
		E6AAA739286C87EA00F4659D /* OperationIdentifiersTemplate.swift in Sources */ = {isa = PBXBuildFile; fileRef = E6AAA738286C87EA00F4659D /* OperationIdentifiersTemplate.swift */; };
		E6B42D0927A472A700A3BD58 /* SwiftPackageManagerModuleTemplate.swift in Sources */ = {isa = PBXBuildFile; fileRef = E6B42D0827A472A700A3BD58 /* SwiftPackageManagerModuleTemplate.swift */; };
		E6C9849327929EBE009481BE /* EnumTemplate.swift in Sources */ = {isa = PBXBuildFile; fileRef = E6C9849227929EBE009481BE /* EnumTemplate.swift */; };
		E6D90D07278FA595009CAC5D /* InputObjectFileGenerator.swift in Sources */ = {isa = PBXBuildFile; fileRef = E6D90D06278FA595009CAC5D /* InputObjectFileGenerator.swift */; };
		E6D90D0B278FFDDA009CAC5D /* SchemaMetadataFileGenerator.swift in Sources */ = {isa = PBXBuildFile; fileRef = E6D90D0A278FFDDA009CAC5D /* SchemaMetadataFileGenerator.swift */; };
		E6E3BBE2276A8D6200E5218B /* FileGenerator.swift in Sources */ = {isa = PBXBuildFile; fileRef = E6E3BBDD276A8D6200E5218B /* FileGenerator.swift */; };
		E6EE62F127DBE6F200627257 /* SchemaModuleNamespaceTemplate.swift in Sources */ = {isa = PBXBuildFile; fileRef = E6EE62F027DBE6F200627257 /* SchemaModuleNamespaceTemplate.swift */; };
/* End PBXBuildFile section */

/* Begin PBXContainerItemProxy section */
		E687B3EC28B3993000A9551C /* PBXContainerItemProxy */ = {
			isa = PBXContainerItemProxy;
			containerPortal = 9FC7503B1D2A532C00458D91 /* Project object */;
			proxyType = 1;
			remoteGlobalIDString = 9B7B6F46233C26D100F32205;
			remoteInfo = ApolloCodegenLib;
		};
/* End PBXContainerItemProxy section */

/* Begin PBXCopyFilesBuildPhase section */
		E687B3EE28B3993000A9551C /* Embed Frameworks */ = {
			isa = PBXCopyFilesBuildPhase;
			buildActionMask = 2147483647;
			dstPath = "";
			dstSubfolderSpec = 10;
			files = (
				E687B3EB28B3993000A9551C /* ApolloCodegenLib.framework in Embed Frameworks */,
			);
			name = "Embed Frameworks";
			runOnlyForDeploymentPostprocessing = 0;
		};
/* End PBXCopyFilesBuildPhase section */

/* Begin PBXFileReference section */
		534A754428EB21D6003291BE /* TemplateString+DeprecationMessage.swift */ = {isa = PBXFileReference; lastKnownFileType = sourcecode.swift; path = "TemplateString+DeprecationMessage.swift"; sourceTree = "<group>"; };
		66321AE62A126C4400CC35CB /* IR+Formatting.swift */ = {isa = PBXFileReference; lastKnownFileType = sourcecode.swift; path = "IR+Formatting.swift"; sourceTree = "<group>"; };
		90690D05224333DA00FC2E54 /* Apollo-Project-Debug.xcconfig */ = {isa = PBXFileReference; lastKnownFileType = text.xcconfig; path = "Apollo-Project-Debug.xcconfig"; sourceTree = "<group>"; };
		90690D07224333DA00FC2E54 /* Apollo-Project-Release.xcconfig */ = {isa = PBXFileReference; lastKnownFileType = text.xcconfig; path = "Apollo-Project-Release.xcconfig"; sourceTree = "<group>"; };
		9B2DFBCA24E2016800ED3AE6 /* UploadAPI.framework */ = {isa = PBXFileReference; explicitFileType = wrapper.framework; includeInIndex = 0; path = UploadAPI.framework; sourceTree = BUILT_PRODUCTS_DIR; };
		9B47516D2575AA690001FB87 /* Pluralizer.swift */ = {isa = PBXFileReference; lastKnownFileType = sourcecode.swift; path = Pluralizer.swift; sourceTree = "<group>"; };
		9B5A1EE3243284F300F066BB /* Package.swift */ = {isa = PBXFileReference; indentWidth = 2; lastKnownFileType = sourcecode.swift; path = Package.swift; sourceTree = "<group>"; tabWidth = 2; };
		9B7B6F47233C26D100F32205 /* ApolloCodegenLib.framework */ = {isa = PBXFileReference; explicitFileType = wrapper.framework; includeInIndex = 0; path = ApolloCodegenLib.framework; sourceTree = BUILT_PRODUCTS_DIR; };
		9B7B6F51233C26E400F32205 /* Info.plist */ = {isa = PBXFileReference; fileEncoding = 4; lastKnownFileType = text.plist.xml; path = Info.plist; sourceTree = "<group>"; };
		9B7B6F55233C27A000F32205 /* Apollo-Target-ApolloCodegenLib.xcconfig */ = {isa = PBXFileReference; fileEncoding = 4; lastKnownFileType = text.xcconfig; path = "Apollo-Target-ApolloCodegenLib.xcconfig"; sourceTree = "<group>"; };
		9B7B6F57233C287100F32205 /* ApolloCodegen.swift */ = {isa = PBXFileReference; fileEncoding = 4; lastKnownFileType = sourcecode.swift; path = ApolloCodegen.swift; sourceTree = "<group>"; };
		9B7B6F58233C287100F32205 /* ApolloCodegenConfiguration.swift */ = {isa = PBXFileReference; fileEncoding = 4; lastKnownFileType = sourcecode.swift; path = ApolloCodegenConfiguration.swift; sourceTree = "<group>"; };
		9B7B6F68233C2C0C00F32205 /* FileManager+Apollo.swift */ = {isa = PBXFileReference; lastKnownFileType = sourcecode.swift; path = "FileManager+Apollo.swift"; sourceTree = "<group>"; };
		9B8C3FB1248DA2EA00707B13 /* URL+Apollo.swift */ = {isa = PBXFileReference; lastKnownFileType = sourcecode.swift; path = "URL+Apollo.swift"; sourceTree = "<group>"; };
		9BAEEBEB234663F200808306 /* ApolloSchemaDownloader.swift */ = {isa = PBXFileReference; lastKnownFileType = sourcecode.swift; path = ApolloSchemaDownloader.swift; sourceTree = "<group>"; };
		9BAEEBED2346644600808306 /* ApolloSchemaDownloadConfiguration.swift */ = {isa = PBXFileReference; lastKnownFileType = sourcecode.swift; path = ApolloSchemaDownloadConfiguration.swift; sourceTree = "<group>"; };
		9BAEEBF22346DDAD00808306 /* CodegenLogger.swift */ = {isa = PBXFileReference; lastKnownFileType = sourcecode.swift; path = CodegenLogger.swift; sourceTree = "<group>"; };
		9BAEEBF62346F0A000808306 /* StaticString+Apollo.swift */ = {isa = PBXFileReference; lastKnownFileType = sourcecode.swift; path = "StaticString+Apollo.swift"; sourceTree = "<group>"; };
		9BCA8C0826618226004FF2F6 /* UntypedGraphQLRequestBodyCreator.swift */ = {isa = PBXFileReference; lastKnownFileType = sourcecode.swift; path = UntypedGraphQLRequestBodyCreator.swift; sourceTree = "<group>"; };
		9BE74D3C23FB4A8E006D354F /* FileFinder.swift */ = {isa = PBXFileReference; fileEncoding = 4; lastKnownFileType = sourcecode.swift; path = FileFinder.swift; sourceTree = "<group>"; };
		9BFE8DA8265D5D8F000BBF81 /* URLDownloader.swift */ = {isa = PBXFileReference; lastKnownFileType = sourcecode.swift; path = URLDownloader.swift; sourceTree = "<group>"; };
		9F1A9665258F34BB00A06EEB /* GraphQLJSFrontend.swift */ = {isa = PBXFileReference; fileEncoding = 4; lastKnownFileType = sourcecode.swift; path = GraphQLJSFrontend.swift; sourceTree = "<group>"; };
		9F1A9667258F34BB00A06EEB /* GraphQLSchema.swift */ = {isa = PBXFileReference; fileEncoding = 4; lastKnownFileType = sourcecode.swift; path = GraphQLSchema.swift; sourceTree = "<group>"; };
		9F1A9668258F34BB00A06EEB /* CompilationResult.swift */ = {isa = PBXFileReference; fileEncoding = 4; lastKnownFileType = sourcecode.swift; path = CompilationResult.swift; sourceTree = "<group>"; };
		9F1A966A258F34BB00A06EEB /* JavaScriptBridge.swift */ = {isa = PBXFileReference; fileEncoding = 4; lastKnownFileType = sourcecode.swift; path = JavaScriptBridge.swift; sourceTree = "<group>"; };
		9F628E9425935BE600F94F9D /* GraphQLType.swift */ = {isa = PBXFileReference; lastKnownFileType = sourcecode.swift; path = GraphQLType.swift; sourceTree = "<group>"; };
		9F628EB42593651B00F94F9D /* GraphQLValue.swift */ = {isa = PBXFileReference; lastKnownFileType = sourcecode.swift; path = GraphQLValue.swift; sourceTree = "<group>"; };
		9F62DFCF2590710E00E6E808 /* GraphQLSource.swift */ = {isa = PBXFileReference; lastKnownFileType = sourcecode.swift; path = GraphQLSource.swift; sourceTree = "<group>"; };
		9F62E03E2590896400E6E808 /* GraphQLError.swift */ = {isa = PBXFileReference; lastKnownFileType = sourcecode.swift; path = GraphQLError.swift; sourceTree = "<group>"; };
		DE01451128A442BF000F6F18 /* String+SwiftNameEscaping.swift */ = {isa = PBXFileReference; lastKnownFileType = sourcecode.swift; path = "String+SwiftNameEscaping.swift"; sourceTree = "<group>"; };
		DE01451328A5A156000F6F18 /* ValidationOptions.swift */ = {isa = PBXFileReference; lastKnownFileType = sourcecode.swift; path = ValidationOptions.swift; sourceTree = "<group>"; };
		DE071E792899FB7F0089BDAA /* GraphQLCompositeType+SchemaTypeNamespace.swift */ = {isa = PBXFileReference; lastKnownFileType = sourcecode.swift; path = "GraphQLCompositeType+SchemaTypeNamespace.swift"; sourceTree = "<group>"; };
		DE09114D27288B1F000648E5 /* SortedSelections.swift */ = {isa = PBXFileReference; lastKnownFileType = sourcecode.swift; path = SortedSelections.swift; sourceTree = "<group>"; };
		DE0D38EF282ECA6D00AFCC84 /* MockObjectFileGenerator.swift */ = {isa = PBXFileReference; lastKnownFileType = sourcecode.swift; path = MockObjectFileGenerator.swift; sourceTree = "<group>"; };
		DE100B1928872D0F00BE11C2 /* Documentation.docc */ = {isa = PBXFileReference; lastKnownFileType = folder.documentationcatalog; path = Documentation.docc; sourceTree = "<group>"; };
		DE223C2C2721FCE8004A0148 /* ScopedSelectionSetHashable.swift */ = {isa = PBXFileReference; lastKnownFileType = sourcecode.swift; path = ScopedSelectionSetHashable.swift; sourceTree = "<group>"; };
		DE2739102769AEBA00B886EF /* SelectionSetTemplate.swift */ = {isa = PBXFileReference; lastKnownFileType = sourcecode.swift; path = SelectionSetTemplate.swift; sourceTree = "<group>"; };
		DE296BA627A09A11004F571F /* IsEverTrue.swift */ = {isa = PBXFileReference; lastKnownFileType = sourcecode.swift; path = IsEverTrue.swift; sourceTree = "<group>"; };
		DE2A20E729032E1F008ADE48 /* VersionChecker.swift */ = {isa = PBXFileReference; lastKnownFileType = sourcecode.swift; path = VersionChecker.swift; sourceTree = "<group>"; };
		DE2A20EA29033147008ADE48 /* README.md */ = {isa = PBXFileReference; lastKnownFileType = net.daringfireball.markdown; path = README.md; sourceTree = "<group>"; };
		DE2A20EB29033147008ADE48 /* main.swift */ = {isa = PBXFileReference; lastKnownFileType = sourcecode.swift; path = main.swift; sourceTree = "<group>"; };
		DE3484612746FF8F0065B77E /* IR+OperationBuilder.swift */ = {isa = PBXFileReference; lastKnownFileType = sourcecode.swift; path = "IR+OperationBuilder.swift"; sourceTree = "<group>"; };
		DE454BA828B40DA8009DC80E /* SchemaConfigurationFileGenerator.swift */ = {isa = PBXFileReference; lastKnownFileType = sourcecode.swift; path = SchemaConfigurationFileGenerator.swift; sourceTree = "<group>"; };
		DE454BAA28B40E56009DC80E /* SchemaConfigurationTemplate.swift */ = {isa = PBXFileReference; lastKnownFileType = sourcecode.swift; path = SchemaConfigurationTemplate.swift; sourceTree = "<group>"; };
		DE46A54D26EFE95800357C52 /* XCTest.framework */ = {isa = PBXFileReference; lastKnownFileType = wrapper.framework; name = XCTest.framework; path = Platforms/MacOSX.platform/Developer/Library/Frameworks/XCTest.framework; sourceTree = DEVELOPER_DIR; };
		DE4841A82745BBF10001E594 /* LinkedList.swift */ = {isa = PBXFileReference; lastKnownFileType = sourcecode.swift; path = LinkedList.swift; sourceTree = "<group>"; };
		DE4D54E627A3504B00D26B68 /* OperationFileGenerator.swift */ = {isa = PBXFileReference; lastKnownFileType = sourcecode.swift; path = OperationFileGenerator.swift; sourceTree = "<group>"; };
		DE4D54E827A3518100D26B68 /* FragmentFileGenerator.swift */ = {isa = PBXFileReference; lastKnownFileType = sourcecode.swift; path = FragmentFileGenerator.swift; sourceTree = "<group>"; };
		DE5EEC8427988F1A00AF5913 /* IR+SelectionSet.swift */ = {isa = PBXFileReference; lastKnownFileType = sourcecode.swift; path = "IR+SelectionSet.swift"; sourceTree = "<group>"; };
		DE5FD5FC2769222D0033EE23 /* OperationDefinitionTemplate.swift */ = {isa = PBXFileReference; fileEncoding = 4; lastKnownFileType = sourcecode.swift; path = OperationDefinitionTemplate.swift; sourceTree = "<group>"; };
		DE5FD600276923620033EE23 /* TemplateString.swift */ = {isa = PBXFileReference; fileEncoding = 4; lastKnownFileType = sourcecode.swift; path = TemplateString.swift; sourceTree = "<group>"; };
		DE5FD60427694FA70033EE23 /* SchemaMetadataTemplate.swift */ = {isa = PBXFileReference; lastKnownFileType = sourcecode.swift; path = SchemaMetadataTemplate.swift; sourceTree = "<group>"; };
		DE5FD606276950CC0033EE23 /* IR+Schema.swift */ = {isa = PBXFileReference; lastKnownFileType = sourcecode.swift; path = "IR+Schema.swift"; sourceTree = "<group>"; };
		DE5FD60A276970FC0033EE23 /* FragmentTemplate.swift */ = {isa = PBXFileReference; lastKnownFileType = sourcecode.swift; path = FragmentTemplate.swift; sourceTree = "<group>"; };
		DE6388DE28CBF38E00559697 /* GraphQLEnumValue+Rendered.swift */ = {isa = PBXFileReference; lastKnownFileType = sourcecode.swift; path = "GraphQLEnumValue+Rendered.swift"; sourceTree = "<group>"; };
		DE6B15FB26152D210068D642 /* Workspace-Deployment-Targets.xcconfig */ = {isa = PBXFileReference; lastKnownFileType = text.xcconfig; path = "Workspace-Deployment-Targets.xcconfig"; sourceTree = "<group>"; };
		DE6B15FC26152D210068D642 /* Workspace-Analysis.xcconfig */ = {isa = PBXFileReference; lastKnownFileType = text.xcconfig; path = "Workspace-Analysis.xcconfig"; sourceTree = "<group>"; };
		DE6B15FD26152D210068D642 /* Project-Release.xcconfig */ = {isa = PBXFileReference; lastKnownFileType = text.xcconfig; path = "Project-Release.xcconfig"; sourceTree = "<group>"; };
		DE6B15FE26152D210068D642 /* Workspace-Debug.xcconfig */ = {isa = PBXFileReference; lastKnownFileType = text.xcconfig; path = "Workspace-Debug.xcconfig"; sourceTree = "<group>"; };
		DE6B160326152D210068D642 /* Workspace-Release.xcconfig */ = {isa = PBXFileReference; lastKnownFileType = text.xcconfig; path = "Workspace-Release.xcconfig"; sourceTree = "<group>"; };
		DE6B160426152D210068D642 /* Project-Version.xcconfig */ = {isa = PBXFileReference; lastKnownFileType = text.xcconfig; path = "Project-Version.xcconfig"; sourceTree = "<group>"; };
		DE6B160526152D210068D642 /* Workspace-Warnings.xcconfig */ = {isa = PBXFileReference; lastKnownFileType = text.xcconfig; path = "Workspace-Warnings.xcconfig"; sourceTree = "<group>"; };
		DE6B160626152D210068D642 /* Workspace-Target-Framework.xcconfig */ = {isa = PBXFileReference; lastKnownFileType = text.xcconfig; path = "Workspace-Target-Framework.xcconfig"; sourceTree = "<group>"; };
		DE6B160726152D210068D642 /* Workspace-Search-Paths.xcconfig */ = {isa = PBXFileReference; lastKnownFileType = text.xcconfig; path = "Workspace-Search-Paths.xcconfig"; sourceTree = "<group>"; };
		DE6B160926152D210068D642 /* Workspace-Linking.xcconfig */ = {isa = PBXFileReference; lastKnownFileType = text.xcconfig; path = "Workspace-Linking.xcconfig"; sourceTree = "<group>"; };
		DE6B160A26152D210068D642 /* Workspace-Language.xcconfig */ = {isa = PBXFileReference; lastKnownFileType = text.xcconfig; path = "Workspace-Language.xcconfig"; sourceTree = "<group>"; };
		DE6B160B26152D210068D642 /* Project-Debug.xcconfig */ = {isa = PBXFileReference; lastKnownFileType = text.xcconfig; path = "Project-Debug.xcconfig"; sourceTree = "<group>"; };
		DE6B160C26152D210068D642 /* Workspace-Packaging.xcconfig */ = {isa = PBXFileReference; lastKnownFileType = text.xcconfig; path = "Workspace-Packaging.xcconfig"; sourceTree = "<group>"; };
		DE6B160D26152D210068D642 /* Workspace-Shared.xcconfig */ = {isa = PBXFileReference; lastKnownFileType = text.xcconfig; path = "Workspace-Shared.xcconfig"; sourceTree = "<group>"; };
		DE6B650B27C4293D00970E4E /* FieldArgumentRendering.swift */ = {isa = PBXFileReference; lastKnownFileType = sourcecode.swift; path = FieldArgumentRendering.swift; sourceTree = "<group>"; };
		DE6D07F827BC3B6D009F5F33 /* GraphQLInputField+Rendered.swift */ = {isa = PBXFileReference; lastKnownFileType = sourcecode.swift; path = "GraphQLInputField+Rendered.swift"; sourceTree = "<group>"; };
		DE6D07FE27BC7F78009F5F33 /* InputVariableRenderable.swift */ = {isa = PBXFileReference; lastKnownFileType = sourcecode.swift; path = InputVariableRenderable.swift; sourceTree = "<group>"; };
		DE71FDBB2853B67C005FA9CC /* LocalCacheMutationDefinitionTemplate.swift */ = {isa = PBXFileReference; lastKnownFileType = sourcecode.swift; path = LocalCacheMutationDefinitionTemplate.swift; sourceTree = "<group>"; };
		DE71FDBF2853C242005FA9CC /* OperationTemplateRenderer.swift */ = {isa = PBXFileReference; lastKnownFileType = sourcecode.swift; path = OperationTemplateRenderer.swift; sourceTree = "<group>"; };
		DE796428276998B000978A03 /* IR+RootFieldBuilder.swift */ = {isa = PBXFileReference; lastKnownFileType = sourcecode.swift; path = "IR+RootFieldBuilder.swift"; sourceTree = "<group>"; };
		DE79642C27699A6A00978A03 /* IR+NamedFragmentBuilder.swift */ = {isa = PBXFileReference; lastKnownFileType = sourcecode.swift; path = "IR+NamedFragmentBuilder.swift"; sourceTree = "<group>"; };
		DE7C183B272A12EB00727031 /* ScopeDescriptor.swift */ = {isa = PBXFileReference; lastKnownFileType = sourcecode.swift; path = ScopeDescriptor.swift; sourceTree = "<group>"; };
		DE7C183D272A154400727031 /* IR.swift */ = {isa = PBXFileReference; lastKnownFileType = sourcecode.swift; path = IR.swift; sourceTree = "<group>"; };
		DE8C51C929E8B03700E47A64 /* IRDefinition+RenderingHelpers.swift */ = {isa = PBXFileReference; lastKnownFileType = sourcecode.swift; path = "IRDefinition+RenderingHelpers.swift"; sourceTree = "<group>"; };
		DE9CEAEE282C62B700959AF9 /* MockObjectTemplate.swift */ = {isa = PBXFileReference; lastKnownFileType = sourcecode.swift; path = MockObjectTemplate.swift; sourceTree = "<group>"; };
		DEA9A23127D822E600F96C36 /* IR+InclusionConditions.swift */ = {isa = PBXFileReference; lastKnownFileType = sourcecode.swift; path = "IR+InclusionConditions.swift"; sourceTree = "<group>"; };
		DEB05B47289C3B4000170299 /* MockInterfacesFileGenerator.swift */ = {isa = PBXFileReference; lastKnownFileType = sourcecode.swift; path = MockInterfacesFileGenerator.swift; sourceTree = "<group>"; };
		DEB05B49289C3EC300170299 /* MockInterfacesTemplate.swift */ = {isa = PBXFileReference; lastKnownFileType = sourcecode.swift; path = MockInterfacesTemplate.swift; sourceTree = "<group>"; };
		DECD493E262F82D600924527 /* Workspace-Target-Codegen.xcconfig */ = {isa = PBXFileReference; lastKnownFileType = text.xcconfig; path = "Workspace-Target-Codegen.xcconfig"; sourceTree = "<group>"; };
		DED5B35A286CF16600AE6BFF /* TemplateString+CodegenConfiguration.swift */ = {isa = PBXFileReference; lastKnownFileType = sourcecode.swift; path = "TemplateString+CodegenConfiguration.swift"; sourceTree = "<group>"; };
		DEE2DAA127BAF00500EC0607 /* GraphQLType+Rendered.swift */ = {isa = PBXFileReference; lastKnownFileType = sourcecode.swift; path = "GraphQLType+Rendered.swift"; sourceTree = "<group>"; };
		DEFBBC85273470F70088AABC /* IR+Field.swift */ = {isa = PBXFileReference; lastKnownFileType = sourcecode.swift; path = "IR+Field.swift"; sourceTree = "<group>"; };
		DEFE0FC42748822900FFA440 /* IR+EntitySelectionTree.swift */ = {isa = PBXFileReference; lastKnownFileType = sourcecode.swift; path = "IR+EntitySelectionTree.swift"; sourceTree = "<group>"; };
		DEFE694D280F6CBE001CF4E8 /* IR+FieldCollector.swift */ = {isa = PBXFileReference; lastKnownFileType = sourcecode.swift; path = "IR+FieldCollector.swift"; sourceTree = "<group>"; };
		E60AE2ED27E3FC6C003C093A /* TemplateRenderer.swift */ = {isa = PBXFileReference; lastKnownFileType = sourcecode.swift; path = TemplateRenderer.swift; sourceTree = "<group>"; };
		E610D8D6278EA2390023E495 /* EnumFileGenerator.swift */ = {isa = PBXFileReference; lastKnownFileType = sourcecode.swift; path = EnumFileGenerator.swift; sourceTree = "<group>"; };
		E610D8DA278EB0900023E495 /* InterfaceFileGenerator.swift */ = {isa = PBXFileReference; lastKnownFileType = sourcecode.swift; path = InterfaceFileGenerator.swift; sourceTree = "<group>"; };
		E610D8DE278F8F1E0023E495 /* UnionFileGenerator.swift */ = {isa = PBXFileReference; lastKnownFileType = sourcecode.swift; path = UnionFileGenerator.swift; sourceTree = "<group>"; };
		E6203341284F1C9600A291D1 /* MockUnionsFileGenerator.swift */ = {isa = PBXFileReference; lastKnownFileType = sourcecode.swift; path = MockUnionsFileGenerator.swift; sourceTree = "<group>"; };
		E6203343284F1D1100A291D1 /* MockUnionsTemplate.swift */ = {isa = PBXFileReference; lastKnownFileType = sourcecode.swift; path = MockUnionsTemplate.swift; sourceTree = "<group>"; };
		E623FD292797A6F4008B4CED /* InterfaceTemplate.swift */ = {isa = PBXFileReference; fileEncoding = 4; lastKnownFileType = sourcecode.swift; path = InterfaceTemplate.swift; sourceTree = "<group>"; };
		E63F0C0028EE099A009069EA /* ApolloCodegenFrontendBundle.swift */ = {isa = PBXFileReference; lastKnownFileType = sourcecode.swift; path = ApolloCodegenFrontendBundle.swift; sourceTree = "<group>"; };
		E64F226C28B8B3FE0011292F /* LogLevelSetter.swift */ = {isa = PBXFileReference; lastKnownFileType = sourcecode.swift; path = LogLevelSetter.swift; sourceTree = "<group>"; };
		E64F7EB727A0854E0059C021 /* UnionTemplate.swift */ = {isa = PBXFileReference; lastKnownFileType = sourcecode.swift; path = UnionTemplate.swift; sourceTree = "<group>"; };
		E64F7EBB27A11A510059C021 /* GraphQLNamedType+SwiftName.swift */ = {isa = PBXFileReference; lastKnownFileType = sourcecode.swift; path = "GraphQLNamedType+SwiftName.swift"; sourceTree = "<group>"; };
		E64F7EC027A122300059C021 /* ObjectTemplate.swift */ = {isa = PBXFileReference; lastKnownFileType = sourcecode.swift; path = ObjectTemplate.swift; sourceTree = "<group>"; };
		E669352A2803EE11004E1FFC /* CustomScalarTemplate.swift */ = {isa = PBXFileReference; lastKnownFileType = sourcecode.swift; path = CustomScalarTemplate.swift; sourceTree = "<group>"; };
		E669352E2803F09C004E1FFC /* CustomScalarFileGenerator.swift */ = {isa = PBXFileReference; lastKnownFileType = sourcecode.swift; path = CustomScalarFileGenerator.swift; sourceTree = "<group>"; };
		E66F8898276C15580000BDA8 /* ObjectFileGenerator.swift */ = {isa = PBXFileReference; fileEncoding = 4; lastKnownFileType = sourcecode.swift; path = ObjectFileGenerator.swift; sourceTree = "<group>"; };
		E674DB40274C0A9B009BB90E /* Glob.swift */ = {isa = PBXFileReference; lastKnownFileType = sourcecode.swift; path = Glob.swift; sourceTree = "<group>"; };
		E687B3C128B398CB00A9551C /* CodegenCLI.framework */ = {isa = PBXFileReference; explicitFileType = wrapper.framework; includeInIndex = 0; path = CodegenCLI.framework; sourceTree = BUILT_PRODUCTS_DIR; };
		E687B3CA28B398E600A9551C /* Constants.swift */ = {isa = PBXFileReference; fileEncoding = 4; lastKnownFileType = sourcecode.swift; path = Constants.swift; sourceTree = "<group>"; };
		E687B3CC28B398E600A9551C /* InputOptions.swift */ = {isa = PBXFileReference; fileEncoding = 4; lastKnownFileType = sourcecode.swift; path = InputOptions.swift; sourceTree = "<group>"; };
		E687B3CD28B398E600A9551C /* Error.swift */ = {isa = PBXFileReference; fileEncoding = 4; lastKnownFileType = sourcecode.swift; path = Error.swift; sourceTree = "<group>"; };
		E687B3CF28B398E600A9551C /* ParsableCommand+RootOutputURL.swift */ = {isa = PBXFileReference; fileEncoding = 4; lastKnownFileType = sourcecode.swift; path = "ParsableCommand+RootOutputURL.swift"; sourceTree = "<group>"; };
		E687B3D028B398E600A9551C /* FileManager+Data.swift */ = {isa = PBXFileReference; fileEncoding = 4; lastKnownFileType = sourcecode.swift; path = "FileManager+Data.swift"; sourceTree = "<group>"; };
		E687B3D128B398E600A9551C /* String+Data.swift */ = {isa = PBXFileReference; fileEncoding = 4; lastKnownFileType = sourcecode.swift; path = "String+Data.swift"; sourceTree = "<group>"; };
		E687B3D428B398E600A9551C /* FetchSchema.swift */ = {isa = PBXFileReference; fileEncoding = 4; lastKnownFileType = sourcecode.swift; path = FetchSchema.swift; sourceTree = "<group>"; };
		E687B3D528B398E600A9551C /* Initialize.swift */ = {isa = PBXFileReference; fileEncoding = 4; lastKnownFileType = sourcecode.swift; path = Initialize.swift; sourceTree = "<group>"; };
		E687B3D628B398E600A9551C /* Generate.swift */ = {isa = PBXFileReference; fileEncoding = 4; lastKnownFileType = sourcecode.swift; path = Generate.swift; sourceTree = "<group>"; };
		E687B3D928B398E600A9551C /* CodegenProvider.swift */ = {isa = PBXFileReference; fileEncoding = 4; lastKnownFileType = sourcecode.swift; path = CodegenProvider.swift; sourceTree = "<group>"; };
		E687B3DA28B398E600A9551C /* SchemaDownloadProvider.swift */ = {isa = PBXFileReference; fileEncoding = 4; lastKnownFileType = sourcecode.swift; path = SchemaDownloadProvider.swift; sourceTree = "<group>"; };
		E687B3F328B39A9100A9551C /* Apollo-Target-CodegenCLI.xcconfig */ = {isa = PBXFileReference; lastKnownFileType = text.xcconfig; path = "Apollo-Target-CodegenCLI.xcconfig"; sourceTree = "<group>"; };
		E68D824627A228A80040A46F /* SchemaModuleFileGenerator.swift */ = {isa = PBXFileReference; lastKnownFileType = sourcecode.swift; path = SchemaModuleFileGenerator.swift; sourceTree = "<group>"; };
		E69BEDA42798B86D00000D10 /* InputObjectTemplate.swift */ = {isa = PBXFileReference; lastKnownFileType = sourcecode.swift; path = InputObjectTemplate.swift; sourceTree = "<group>"; };
		E6AAA731286BC58200F4659D /* OperationIdentifiersFileGenerator.swift */ = {isa = PBXFileReference; lastKnownFileType = sourcecode.swift; path = OperationIdentifiersFileGenerator.swift; sourceTree = "<group>"; };
		E6AAA738286C87EA00F4659D /* OperationIdentifiersTemplate.swift */ = {isa = PBXFileReference; lastKnownFileType = sourcecode.swift; path = OperationIdentifiersTemplate.swift; sourceTree = "<group>"; };
		E6B42D0827A472A700A3BD58 /* SwiftPackageManagerModuleTemplate.swift */ = {isa = PBXFileReference; lastKnownFileType = sourcecode.swift; path = SwiftPackageManagerModuleTemplate.swift; sourceTree = "<group>"; };
		E6C9849227929EBE009481BE /* EnumTemplate.swift */ = {isa = PBXFileReference; lastKnownFileType = sourcecode.swift; path = EnumTemplate.swift; sourceTree = "<group>"; };
		E6D90D06278FA595009CAC5D /* InputObjectFileGenerator.swift */ = {isa = PBXFileReference; fileEncoding = 4; lastKnownFileType = sourcecode.swift; path = InputObjectFileGenerator.swift; sourceTree = "<group>"; };
		E6D90D0A278FFDDA009CAC5D /* SchemaMetadataFileGenerator.swift */ = {isa = PBXFileReference; lastKnownFileType = sourcecode.swift; path = SchemaMetadataFileGenerator.swift; sourceTree = "<group>"; };
		E6E3BBDD276A8D6200E5218B /* FileGenerator.swift */ = {isa = PBXFileReference; fileEncoding = 4; lastKnownFileType = sourcecode.swift; path = FileGenerator.swift; sourceTree = "<group>"; };
		E6EE62F027DBE6F200627257 /* SchemaModuleNamespaceTemplate.swift */ = {isa = PBXFileReference; lastKnownFileType = sourcecode.swift; path = SchemaModuleNamespaceTemplate.swift; sourceTree = "<group>"; };
/* End PBXFileReference section */

/* Begin PBXFrameworksBuildPhase section */
		9B7B6F44233C26D100F32205 /* Frameworks */ = {
			isa = PBXFrameworksBuildPhase;
			buildActionMask = 2147483647;
			files = (
				DE736F4626FA6EE6007187F2 /* InflectorKit in Frameworks */,
				DEAFB787270652D100BE02F3 /* OrderedCollections in Frameworks */,
			);
			runOnlyForDeploymentPostprocessing = 0;
		};
		E687B3BE28B398CB00A9551C /* Frameworks */ = {
			isa = PBXFrameworksBuildPhase;
			buildActionMask = 2147483647;
			files = (
				E687B3F228B39A5B00A9551C /* ArgumentParser in Frameworks */,
				E687B3EA28B3993000A9551C /* ApolloCodegenLib.framework in Frameworks */,
			);
			runOnlyForDeploymentPostprocessing = 0;
		};
/* End PBXFrameworksBuildPhase section */

/* Begin PBXGroup section */
		90690D04224333DA00FC2E54 /* Configuration */ = {
			isa = PBXGroup;
			children = (
				DE6B15F926152D210068D642 /* Shared */,
				90690D05224333DA00FC2E54 /* Apollo-Project-Debug.xcconfig */,
				90690D07224333DA00FC2E54 /* Apollo-Project-Release.xcconfig */,
				9B7B6F55233C27A000F32205 /* Apollo-Target-ApolloCodegenLib.xcconfig */,
				E687B3F328B39A9100A9551C /* Apollo-Target-CodegenCLI.xcconfig */,
			);
			name = Configuration;
			path = Configuration/Apollo;
			sourceTree = "<group>";
		};
		9B4751BD2575BAFB0001FB87 /* Naming */ = {
			isa = PBXGroup;
			children = (
				9B47516D2575AA690001FB87 /* Pluralizer.swift */,
			);
			name = Naming;
			sourceTree = "<group>";
		};
		9B7B6F50233C26E400F32205 /* ApolloCodegenLib */ = {
			isa = PBXGroup;
			children = (
				DEAFB7772705271D00BE02F3 /* IR */,
				9FE1E54C2588C5E000AA967E /* Frontend */,
				9B4751BD2575BAFB0001FB87 /* Naming */,
				9BCB585D240758B2002F766E /* Extensions */,
				9BD681332405F6BB000874CB /* Codegen */,
				9BD681342405F6D1000874CB /* SchemaDownload */,
				9BAEEBF22346DDAD00808306 /* CodegenLogger.swift */,
				DE4841A82745BBF10001E594 /* LinkedList.swift */,
				DE296BA627A09A11004F571F /* IsEverTrue.swift */,
				9BE74D3C23FB4A8E006D354F /* FileFinder.swift */,
				9B7B6F51233C26E400F32205 /* Info.plist */,
				DE100B1928872D0F00BE11C2 /* Documentation.docc */,
			);
			name = ApolloCodegenLib;
			path = Sources/ApolloCodegenLib;
			sourceTree = "<group>";
		};
		9B7BDAF923FDEE8A00ACD198 /* Frameworks */ = {
			isa = PBXGroup;
			children = (
				DE46A54D26EFE95800357C52 /* XCTest.framework */,
			);
			name = Frameworks;
			sourceTree = "<group>";
		};
		9BCB585D240758B2002F766E /* Extensions */ = {
			isa = PBXGroup;
			children = (
				9B7B6F68233C2C0C00F32205 /* FileManager+Apollo.swift */,
				9BAEEBF62346F0A000808306 /* StaticString+Apollo.swift */,
				9B8C3FB1248DA2EA00707B13 /* URL+Apollo.swift */,
				66321AE62A126C4400CC35CB /* IR+Formatting.swift */,
			);
			name = Extensions;
			sourceTree = "<group>";
		};
		9BD681332405F6BB000874CB /* Codegen */ = {
			isa = PBXGroup;
			children = (
				9B7B6F57233C287100F32205 /* ApolloCodegen.swift */,
				9B7B6F58233C287100F32205 /* ApolloCodegenConfiguration.swift */,
				E674DB40274C0A9B009BB90E /* Glob.swift */,
				DE5FD600276923620033EE23 /* TemplateString.swift */,
				DED5B35A286CF16600AE6BFF /* TemplateString+CodegenConfiguration.swift */,
				534A754428EB21D6003291BE /* TemplateString+DeprecationMessage.swift */,
				DE31A437276A78140020DC44 /* Templates */,
				E6E3BBDC276A8D6200E5218B /* FileGenerators */,
			);
			name = Codegen;
			sourceTree = "<group>";
		};
		9BD681342405F6D1000874CB /* SchemaDownload */ = {
			isa = PBXGroup;
			children = (
				9BAEEBEB234663F200808306 /* ApolloSchemaDownloader.swift */,
				9BAEEBED2346644600808306 /* ApolloSchemaDownloadConfiguration.swift */,
				9BCA8C0826618226004FF2F6 /* UntypedGraphQLRequestBodyCreator.swift */,
				9BFE8DA8265D5D8F000BBF81 /* URLDownloader.swift */,
			);
			name = SchemaDownload;
			sourceTree = "<group>";
		};
		9FC7503A1D2A532C00458D91 = {
			isa = PBXGroup;
			children = (
				9B5A1EE3243284F300F066BB /* Package.swift */,
				9B7B6F50233C26E400F32205 /* ApolloCodegenLib */,
				DE2A20E929033147008ADE48 /* apollo-ios-cli */,
				E687B3C928B398E600A9551C /* CodegenCLI */,
				9B7BDAF923FDEE8A00ACD198 /* Frameworks */,
				90690D04224333DA00FC2E54 /* Configuration */,
				9FC750451D2A532C00458D91 /* Products */,
			);
			indentWidth = 2;
			sourceTree = "<group>";
			tabWidth = 2;
		};
		9FC750451D2A532C00458D91 /* Products */ = {
			isa = PBXGroup;
			children = (
				9B7B6F47233C26D100F32205 /* ApolloCodegenLib.framework */,
				9B2DFBCA24E2016800ED3AE6 /* UploadAPI.framework */,
				E687B3C128B398CB00A9551C /* CodegenCLI.framework */,
			);
			name = Products;
			sourceTree = "<group>";
		};
		9FE1E54C2588C5E000AA967E /* Frontend */ = {
			isa = PBXGroup;
			children = (
				E63F0C0028EE099A009069EA /* ApolloCodegenFrontendBundle.swift */,
				9F1A9665258F34BB00A06EEB /* GraphQLJSFrontend.swift */,
				9F62DFCF2590710E00E6E808 /* GraphQLSource.swift */,
				9F1A9667258F34BB00A06EEB /* GraphQLSchema.swift */,
				9F628E9425935BE600F94F9D /* GraphQLType.swift */,
				9F628EB42593651B00F94F9D /* GraphQLValue.swift */,
				9F62E03E2590896400E6E808 /* GraphQLError.swift */,
				9F1A9668258F34BB00A06EEB /* CompilationResult.swift */,
				DE01451328A5A156000F6F18 /* ValidationOptions.swift */,
				9F1A966A258F34BB00A06EEB /* JavaScriptBridge.swift */,
			);
			path = Frontend;
			sourceTree = "<group>";
		};
		DE2A20E929033147008ADE48 /* apollo-ios-cli */ = {
			isa = PBXGroup;
			children = (
				DE2A20EA29033147008ADE48 /* README.md */,
				DE2A20EB29033147008ADE48 /* main.swift */,
			);
			name = "apollo-ios-cli";
			path = "Sources/apollo-ios-cli";
			sourceTree = SOURCE_ROOT;
		};
		DE31A437276A78140020DC44 /* Templates */ = {
			isa = PBXGroup;
			children = (
				DE6D07FC27BC3C81009F5F33 /* RenderingHelpers */,
				E669352A2803EE11004E1FFC /* CustomScalarTemplate.swift */,
				E6C9849227929EBE009481BE /* EnumTemplate.swift */,
				DE5FD60A276970FC0033EE23 /* FragmentTemplate.swift */,
				E69BEDA42798B86D00000D10 /* InputObjectTemplate.swift */,
				E623FD292797A6F4008B4CED /* InterfaceTemplate.swift */,
				DE71FDBB2853B67C005FA9CC /* LocalCacheMutationDefinitionTemplate.swift */,
				DE9CEAEE282C62B700959AF9 /* MockObjectTemplate.swift */,
				E6203343284F1D1100A291D1 /* MockUnionsTemplate.swift */,
				DEB05B49289C3EC300170299 /* MockInterfacesTemplate.swift */,
				E64F7EC027A122300059C021 /* ObjectTemplate.swift */,
				DE5FD5FC2769222D0033EE23 /* OperationDefinitionTemplate.swift */,
				E6AAA738286C87EA00F4659D /* OperationIdentifiersTemplate.swift */,
				E6EE62F027DBE6F200627257 /* SchemaModuleNamespaceTemplate.swift */,
				DE5FD60427694FA70033EE23 /* SchemaMetadataTemplate.swift */,
				DE454BAA28B40E56009DC80E /* SchemaConfigurationTemplate.swift */,
				DE2739102769AEBA00B886EF /* SelectionSetTemplate.swift */,
				E6B42D0827A472A700A3BD58 /* SwiftPackageManagerModuleTemplate.swift */,
				E60AE2ED27E3FC6C003C093A /* TemplateRenderer.swift */,
				E64F7EB727A0854E0059C021 /* UnionTemplate.swift */,
			);
			path = Templates;
			sourceTree = "<group>";
		};
		DE6B15F926152D210068D642 /* Shared */ = {
			isa = PBXGroup;
			children = (
				DE6B15FB26152D210068D642 /* Workspace-Deployment-Targets.xcconfig */,
				DE6B15FC26152D210068D642 /* Workspace-Analysis.xcconfig */,
				DE6B15FD26152D210068D642 /* Project-Release.xcconfig */,
				DE6B15FE26152D210068D642 /* Workspace-Debug.xcconfig */,
				DECD493E262F82D600924527 /* Workspace-Target-Codegen.xcconfig */,
				DE6B160326152D210068D642 /* Workspace-Release.xcconfig */,
				DE6B160426152D210068D642 /* Project-Version.xcconfig */,
				DE6B160526152D210068D642 /* Workspace-Warnings.xcconfig */,
				DE6B160626152D210068D642 /* Workspace-Target-Framework.xcconfig */,
				DE6B160726152D210068D642 /* Workspace-Search-Paths.xcconfig */,
				DE6B160926152D210068D642 /* Workspace-Linking.xcconfig */,
				DE6B160A26152D210068D642 /* Workspace-Language.xcconfig */,
				DE6B160B26152D210068D642 /* Project-Debug.xcconfig */,
				DE6B160C26152D210068D642 /* Workspace-Packaging.xcconfig */,
				DE6B160D26152D210068D642 /* Workspace-Shared.xcconfig */,
			);
			name = Shared;
			path = Configuration/Shared;
			sourceTree = SOURCE_ROOT;
		};
		DE6D07FC27BC3C81009F5F33 /* RenderingHelpers */ = {
			isa = PBXGroup;
			children = (
				E64F7EBB27A11A510059C021 /* GraphQLNamedType+SwiftName.swift */,
				DE01451128A442BF000F6F18 /* String+SwiftNameEscaping.swift */,
				DEE2DAA127BAF00500EC0607 /* GraphQLType+Rendered.swift */,
				DE071E792899FB7F0089BDAA /* GraphQLCompositeType+SchemaTypeNamespace.swift */,
				DE6D07F827BC3B6D009F5F33 /* GraphQLInputField+Rendered.swift */,
				DE6D07FE27BC7F78009F5F33 /* InputVariableRenderable.swift */,
				DE6B650B27C4293D00970E4E /* FieldArgumentRendering.swift */,
				DE71FDBF2853C242005FA9CC /* OperationTemplateRenderer.swift */,
				DE6388DE28CBF38E00559697 /* GraphQLEnumValue+Rendered.swift */,
				DE8C51C929E8B03700E47A64 /* IRDefinition+RenderingHelpers.swift */,
			);
			path = RenderingHelpers;
			sourceTree = "<group>";
		};
		DEAFB7772705271D00BE02F3 /* IR */ = {
			isa = PBXGroup;
			children = (
				DE7C183D272A154400727031 /* IR.swift */,
				DE5EEC8427988F1A00AF5913 /* IR+SelectionSet.swift */,
				DE5FD606276950CC0033EE23 /* IR+Schema.swift */,
				DEFE0FC42748822900FFA440 /* IR+EntitySelectionTree.swift */,
				DEFBBC85273470F70088AABC /* IR+Field.swift */,
				DEA9A23127D822E600F96C36 /* IR+InclusionConditions.swift */,
				DE3484612746FF8F0065B77E /* IR+OperationBuilder.swift */,
				DE79642C27699A6A00978A03 /* IR+NamedFragmentBuilder.swift */,
				DE796428276998B000978A03 /* IR+RootFieldBuilder.swift */,
				DEFE694D280F6CBE001CF4E8 /* IR+FieldCollector.swift */,
				DE223C2C2721FCE8004A0148 /* ScopedSelectionSetHashable.swift */,
				DE09114D27288B1F000648E5 /* SortedSelections.swift */,
				DE7C183B272A12EB00727031 /* ScopeDescriptor.swift */,
			);
			path = IR;
			sourceTree = "<group>";
		};
		E687B3C928B398E600A9551C /* CodegenCLI */ = {
			isa = PBXGroup;
			children = (
				E687B3D328B398E600A9551C /* Commands */,
				E687B3CE28B398E600A9551C /* Extensions */,
				E687B3CB28B398E600A9551C /* OptionGroups */,
				E687B3D828B398E600A9551C /* Protocols */,
				E687B3CA28B398E600A9551C /* Constants.swift */,
				E687B3CD28B398E600A9551C /* Error.swift */,
			);
			name = CodegenCLI;
			path = Sources/CodegenCLI;
			sourceTree = "<group>";
		};
		E687B3CB28B398E600A9551C /* OptionGroups */ = {
			isa = PBXGroup;
			children = (
				E687B3CC28B398E600A9551C /* InputOptions.swift */,
			);
			path = OptionGroups;
			sourceTree = "<group>";
		};
		E687B3CE28B398E600A9551C /* Extensions */ = {
			isa = PBXGroup;
			children = (
				E687B3CF28B398E600A9551C /* ParsableCommand+RootOutputURL.swift */,
				DE2A20E729032E1F008ADE48 /* VersionChecker.swift */,
				E687B3D028B398E600A9551C /* FileManager+Data.swift */,
				E687B3D128B398E600A9551C /* String+Data.swift */,
			);
			path = Extensions;
			sourceTree = "<group>";
		};
		E687B3D328B398E600A9551C /* Commands */ = {
			isa = PBXGroup;
			children = (
				E687B3D428B398E600A9551C /* FetchSchema.swift */,
				E687B3D528B398E600A9551C /* Initialize.swift */,
				E687B3D628B398E600A9551C /* Generate.swift */,
			);
			path = Commands;
			sourceTree = "<group>";
		};
		E687B3D828B398E600A9551C /* Protocols */ = {
			isa = PBXGroup;
			children = (
				E687B3D928B398E600A9551C /* CodegenProvider.swift */,
				E64F226C28B8B3FE0011292F /* LogLevelSetter.swift */,
				E687B3DA28B398E600A9551C /* SchemaDownloadProvider.swift */,
			);
			path = Protocols;
			sourceTree = "<group>";
		};
		E6E3BBDC276A8D6200E5218B /* FileGenerators */ = {
			isa = PBXGroup;
			children = (
				E6E3BBDD276A8D6200E5218B /* FileGenerator.swift */,
				E669352E2803F09C004E1FFC /* CustomScalarFileGenerator.swift */,
				E610D8D6278EA2390023E495 /* EnumFileGenerator.swift */,
				DE4D54E827A3518100D26B68 /* FragmentFileGenerator.swift */,
				E6D90D06278FA595009CAC5D /* InputObjectFileGenerator.swift */,
				E610D8DA278EB0900023E495 /* InterfaceFileGenerator.swift */,
				DE0D38EF282ECA6D00AFCC84 /* MockObjectFileGenerator.swift */,
				E6203341284F1C9600A291D1 /* MockUnionsFileGenerator.swift */,
				DEB05B47289C3B4000170299 /* MockInterfacesFileGenerator.swift */,
				E66F8898276C15580000BDA8 /* ObjectFileGenerator.swift */,
				DE4D54E627A3504B00D26B68 /* OperationFileGenerator.swift */,
				E6AAA731286BC58200F4659D /* OperationIdentifiersFileGenerator.swift */,
				E6D90D0A278FFDDA009CAC5D /* SchemaMetadataFileGenerator.swift */,
				DE454BA828B40DA8009DC80E /* SchemaConfigurationFileGenerator.swift */,
				E68D824627A228A80040A46F /* SchemaModuleFileGenerator.swift */,
				E610D8DE278F8F1E0023E495 /* UnionFileGenerator.swift */,
			);
			path = FileGenerators;
			sourceTree = "<group>";
		};
/* End PBXGroup section */

/* Begin PBXHeadersBuildPhase section */
		9B7B6F42233C26D100F32205 /* Headers */ = {
			isa = PBXHeadersBuildPhase;
			buildActionMask = 2147483647;
			files = (
			);
			runOnlyForDeploymentPostprocessing = 0;
		};
		E687B3BC28B398CB00A9551C /* Headers */ = {
			isa = PBXHeadersBuildPhase;
			buildActionMask = 2147483647;
			files = (
			);
			runOnlyForDeploymentPostprocessing = 0;
		};
/* End PBXHeadersBuildPhase section */

/* Begin PBXNativeTarget section */
		9B7B6F46233C26D100F32205 /* ApolloCodegenLib */ = {
			isa = PBXNativeTarget;
			buildConfigurationList = 9B7B6F4F233C26D200F32205 /* Build configuration list for PBXNativeTarget "ApolloCodegenLib" */;
			buildPhases = (
				9B7B6F42233C26D100F32205 /* Headers */,
				9B7B6F43233C26D100F32205 /* Sources */,
				9B7B6F44233C26D100F32205 /* Frameworks */,
				9B7B6F45233C26D100F32205 /* Resources */,
			);
			buildRules = (
			);
			dependencies = (
				E6E4209426A7DF5800B82624 /* PBXTargetDependency */,
			);
			name = ApolloCodegenLib;
			packageProductDependencies = (
				E6E4209126A7DF4200B82624 /* InflectorKit */,
				DEAFB786270652D100BE02F3 /* OrderedCollections */,
			);
			productName = ApolloCodegenLib;
			productReference = 9B7B6F47233C26D100F32205 /* ApolloCodegenLib.framework */;
			productType = "com.apple.product-type.framework";
		};
		E687B3C028B398CB00A9551C /* CodegenCLI */ = {
			isa = PBXNativeTarget;
			buildConfigurationList = E687B3C828B398CC00A9551C /* Build configuration list for PBXNativeTarget "CodegenCLI" */;
			buildPhases = (
				E687B3BC28B398CB00A9551C /* Headers */,
				E687B3BD28B398CB00A9551C /* Sources */,
				E687B3BE28B398CB00A9551C /* Frameworks */,
				E687B3BF28B398CB00A9551C /* Resources */,
				E687B3EE28B3993000A9551C /* Embed Frameworks */,
			);
			buildRules = (
			);
			dependencies = (
				E687B3ED28B3993000A9551C /* PBXTargetDependency */,
			);
			name = CodegenCLI;
			packageProductDependencies = (
				E687B3F128B39A5B00A9551C /* ArgumentParser */,
			);
			productName = CodegenCLI;
			productReference = E687B3C128B398CB00A9551C /* CodegenCLI.framework */;
			productType = "com.apple.product-type.framework";
		};
/* End PBXNativeTarget section */

/* Begin PBXProject section */
		9FC7503B1D2A532C00458D91 /* Project object */ = {
			isa = PBXProject;
			attributes = {
				KnownAssetTags = (
					"starwars-graphql",
				);
				LastSwiftUpdateCheck = 1340;
				LastUpgradeCheck = 1430;
				ORGANIZATIONNAME = "Apollo GraphQL";
				TargetAttributes = {
					9B7B6F46233C26D100F32205 = {
						CreatedOnToolsVersion = 11.0;
						LastSwiftMigration = 1100;
					};
					E687B3C028B398CB00A9551C = {
						CreatedOnToolsVersion = 13.4.1;
					};
				};
			};
			buildConfigurationList = 9FC7503E1D2A532C00458D91 /* Build configuration list for PBXProject "ApolloCodegen" */;
			compatibilityVersion = "Xcode 3.2";
			developmentRegion = en;
			hasScannedForEncodings = 0;
			knownRegions = (
				en,
				Base,
			);
			mainGroup = 9FC7503A1D2A532C00458D91;
			packageReferences = (
				9B7BDAF423FDEE2600ACD198 /* XCRemoteSwiftPackageReference "SQLite.swift" */,
				E6E4209026A7DF4200B82624 /* XCRemoteSwiftPackageReference "InflectorKit" */,
				DE5EB9C326EFD4D10004176A /* XCRemoteSwiftPackageReference "Nimble" */,
				DEAFB784270652AF00BE02F3 /* XCRemoteSwiftPackageReference "swift-collections" */,
				E687B3EF28B39A0F00A9551C /* XCRemoteSwiftPackageReference "swift-argument-parser" */,
			);
			productRefGroup = 9FC750451D2A532C00458D91 /* Products */;
			projectDirPath = "";
			projectRoot = "";
			targets = (
				9B7B6F46233C26D100F32205 /* ApolloCodegenLib */,
				E687B3C028B398CB00A9551C /* CodegenCLI */,
			);
		};
/* End PBXProject section */

/* Begin PBXResourcesBuildPhase section */
		9B7B6F45233C26D100F32205 /* Resources */ = {
			isa = PBXResourcesBuildPhase;
			buildActionMask = 2147483647;
			files = (
			);
			runOnlyForDeploymentPostprocessing = 0;
		};
		E687B3BF28B398CB00A9551C /* Resources */ = {
			isa = PBXResourcesBuildPhase;
			buildActionMask = 2147483647;
			files = (
			);
			runOnlyForDeploymentPostprocessing = 0;
		};
/* End PBXResourcesBuildPhase section */

/* Begin PBXSourcesBuildPhase section */
		9B7B6F43233C26D100F32205 /* Sources */ = {
			isa = PBXSourcesBuildPhase;
			buildActionMask = 2147483647;
			files = (
				E610D8D7278EA2390023E495 /* EnumFileGenerator.swift in Sources */,
				DE4B1E592891D5FE0058D1F6 /* IsEverTrue.swift in Sources */,
				9BAEEBEE2346644600808306 /* ApolloSchemaDownloadConfiguration.swift in Sources */,
				DE0D38F0282ECA6D00AFCC84 /* MockObjectFileGenerator.swift in Sources */,
				9B8C3FB3248DA2FE00707B13 /* URL+Apollo.swift in Sources */,
				DEFE694E280F6CBE001CF4E8 /* IR+FieldCollector.swift in Sources */,
				E66F8899276C15580000BDA8 /* ObjectFileGenerator.swift in Sources */,
				9BAEEBEF2346644B00808306 /* ApolloSchemaDownloader.swift in Sources */,
				DE5FD601276923620033EE23 /* TemplateString.swift in Sources */,
				DE01451428A5A156000F6F18 /* ValidationOptions.swift in Sources */,
				E669352B2803EE11004E1FFC /* CustomScalarTemplate.swift in Sources */,
				E6EE62F127DBE6F200627257 /* SchemaModuleNamespaceTemplate.swift in Sources */,
				DE6D07FF27BC7F78009F5F33 /* InputVariableRenderable.swift in Sources */,
				DE796429276998B000978A03 /* IR+RootFieldBuilder.swift in Sources */,
				DE9CEAEF282C62B700959AF9 /* MockObjectTemplate.swift in Sources */,
				DE6388DF28CBF38E00559697 /* GraphQLEnumValue+Rendered.swift in Sources */,
				E64F7EC127A122300059C021 /* ObjectTemplate.swift in Sources */,
				9F1A966F258F34BB00A06EEB /* JavaScriptBridge.swift in Sources */,
				9BAEEBF72346F0A000808306 /* StaticString+Apollo.swift in Sources */,
				E623FD2A2797A6F4008B4CED /* InterfaceTemplate.swift in Sources */,
				DE4D54E727A3504B00D26B68 /* OperationFileGenerator.swift in Sources */,
				E6B42D0927A472A700A3BD58 /* SwiftPackageManagerModuleTemplate.swift in Sources */,
				DE100B1A28872D0F00BE11C2 /* Documentation.docc in Sources */,
				E6D90D07278FA595009CAC5D /* InputObjectFileGenerator.swift in Sources */,
				534A754528EB21D6003291BE /* TemplateString+DeprecationMessage.swift in Sources */,
				E64F7EB827A0854E0059C021 /* UnionTemplate.swift in Sources */,
				E60AE2EE27E3FC6C003C093A /* TemplateRenderer.swift in Sources */,
				9BCA8C0926618226004FF2F6 /* UntypedGraphQLRequestBodyCreator.swift in Sources */,
				DE5FD60527694FA70033EE23 /* SchemaMetadataTemplate.swift in Sources */,
				DEFBBC86273470F70088AABC /* IR+Field.swift in Sources */,
				9F62DFD02590710E00E6E808 /* GraphQLSource.swift in Sources */,
				E63F0C0328EE0F2A009069EA /* ApolloCodegenFrontendBundle.swift in Sources */,
				DE4B1E582891D5F10058D1F6 /* LinkedList.swift in Sources */,
				DE5FD60B276970FC0033EE23 /* FragmentTemplate.swift in Sources */,
				9BAEEBF32346DDAD00808306 /* CodegenLogger.swift in Sources */,
				9F628EB52593651B00F94F9D /* GraphQLValue.swift in Sources */,
				DE5FD5FD2769222D0033EE23 /* OperationDefinitionTemplate.swift in Sources */,
				DE6B650C27C4293D00970E4E /* FieldArgumentRendering.swift in Sources */,
				DE5EEC8527988F1A00AF5913 /* IR+SelectionSet.swift in Sources */,
				DE8C51CA29E8B03700E47A64 /* IRDefinition+RenderingHelpers.swift in Sources */,
				E6AAA739286C87EA00F4659D /* OperationIdentifiersTemplate.swift in Sources */,
				DE3484622746FF8F0065B77E /* IR+OperationBuilder.swift in Sources */,
				E669352F2803F09C004E1FFC /* CustomScalarFileGenerator.swift in Sources */,
				E610D8DF278F8F1E0023E495 /* UnionFileGenerator.swift in Sources */,
				DED5B35B286CF16600AE6BFF /* TemplateString+CodegenConfiguration.swift in Sources */,
				DEE2DAA227BAF00500EC0607 /* GraphQLType+Rendered.swift in Sources */,
				DE223C2D2721FCE8004A0148 /* ScopedSelectionSetHashable.swift in Sources */,
				E6203344284F1D1100A291D1 /* MockUnionsTemplate.swift in Sources */,
				DE79642D27699A6A00978A03 /* IR+NamedFragmentBuilder.swift in Sources */,
				9B47518D2575AA850001FB87 /* Pluralizer.swift in Sources */,
				E6D90D0B278FFDDA009CAC5D /* SchemaMetadataFileGenerator.swift in Sources */,
				DE7C183C272A12EB00727031 /* ScopeDescriptor.swift in Sources */,
				DE7C183E272A154400727031 /* IR.swift in Sources */,
				9F628E9525935BE600F94F9D /* GraphQLType.swift in Sources */,
				9BFE8DA9265D5D8F000BBF81 /* URLDownloader.swift in Sources */,
				E6C9849327929EBE009481BE /* EnumTemplate.swift in Sources */,
				DE01451228A442BF000F6F18 /* String+SwiftNameEscaping.swift in Sources */,
				E68D824727A228A80040A46F /* SchemaModuleFileGenerator.swift in Sources */,
				9F1A966D258F34BB00A06EEB /* CompilationResult.swift in Sources */,
				DE4D54E927A3518100D26B68 /* FragmentFileGenerator.swift in Sources */,
				E610D8DB278EB0900023E495 /* InterfaceFileGenerator.swift in Sources */,
				9B7B6F69233C2C0C00F32205 /* FileManager+Apollo.swift in Sources */,
				DE071E7A2899FB7F0089BDAA /* GraphQLCompositeType+SchemaTypeNamespace.swift in Sources */,
				E674DB41274C0A9B009BB90E /* Glob.swift in Sources */,
				DE71FDC02853C242005FA9CC /* OperationTemplateRenderer.swift in Sources */,
				E6203342284F1C9600A291D1 /* MockUnionsFileGenerator.swift in Sources */,
				DE6D07F927BC3B6D009F5F33 /* GraphQLInputField+Rendered.swift in Sources */,
				9F1A966C258F34BB00A06EEB /* GraphQLSchema.swift in Sources */,
				9BE74D3D23FB4A8E006D354F /* FileFinder.swift in Sources */,
				E64F7EBC27A11A510059C021 /* GraphQLNamedType+SwiftName.swift in Sources */,
				9B7B6F59233C287200F32205 /* ApolloCodegen.swift in Sources */,
				DE2739112769AEBA00B886EF /* SelectionSetTemplate.swift in Sources */,
				DEA9A23227D822E600F96C36 /* IR+InclusionConditions.swift in Sources */,
				DE454BA928B40DA8009DC80E /* SchemaConfigurationFileGenerator.swift in Sources */,
				E6E3BBE2276A8D6200E5218B /* FileGenerator.swift in Sources */,
				DEFE0FC52748822900FFA440 /* IR+EntitySelectionTree.swift in Sources */,
				9F62E03F2590896400E6E808 /* GraphQLError.swift in Sources */,
				E6AAA732286BC58200F4659D /* OperationIdentifiersFileGenerator.swift in Sources */,
				9B7B6F5A233C287200F32205 /* ApolloCodegenConfiguration.swift in Sources */,
				66321AE72A126C4400CC35CB /* IR+Formatting.swift in Sources */,
				9F1A966B258F34BB00A06EEB /* GraphQLJSFrontend.swift in Sources */,
				DEB05B48289C3B4000170299 /* MockInterfacesFileGenerator.swift in Sources */,
				DE09114E27288B1F000648E5 /* SortedSelections.swift in Sources */,
				DE5FD607276950CC0033EE23 /* IR+Schema.swift in Sources */,
				E69BEDA52798B86D00000D10 /* InputObjectTemplate.swift in Sources */,
				DE454BAB28B40E56009DC80E /* SchemaConfigurationTemplate.swift in Sources */,
				DEB05B4A289C3EC300170299 /* MockInterfacesTemplate.swift in Sources */,
				DE71FDBC2853B67C005FA9CC /* LocalCacheMutationDefinitionTemplate.swift in Sources */,
			);
			runOnlyForDeploymentPostprocessing = 0;
		};
		E687B3BD28B398CB00A9551C /* Sources */ = {
			isa = PBXSourcesBuildPhase;
			buildActionMask = 2147483647;
			files = (
				E687B3E328B398E600A9551C /* FetchSchema.swift in Sources */,
				E687B3DC28B398E600A9551C /* Constants.swift in Sources */,
				E687B3E528B398E600A9551C /* Generate.swift in Sources */,
				E687B3DE28B398E600A9551C /* Error.swift in Sources */,
				DE2A20E829032E1F008ADE48 /* VersionChecker.swift in Sources */,
				E687B3DF28B398E600A9551C /* ParsableCommand+RootOutputURL.swift in Sources */,
				E687B3E028B398E600A9551C /* FileManager+Data.swift in Sources */,
				E687B3E828B398E600A9551C /* SchemaDownloadProvider.swift in Sources */,
				E64F226D28B8B3FE0011292F /* LogLevelSetter.swift in Sources */,
				E687B3E428B398E600A9551C /* Initialize.swift in Sources */,
				E687B3E128B398E600A9551C /* String+Data.swift in Sources */,
				E687B3DD28B398E600A9551C /* InputOptions.swift in Sources */,
				E687B3E728B398E600A9551C /* CodegenProvider.swift in Sources */,
			);
			runOnlyForDeploymentPostprocessing = 0;
		};
/* End PBXSourcesBuildPhase section */

/* Begin PBXTargetDependency section */
		E687B3ED28B3993000A9551C /* PBXTargetDependency */ = {
			isa = PBXTargetDependency;
			target = 9B7B6F46233C26D100F32205 /* ApolloCodegenLib */;
			targetProxy = E687B3EC28B3993000A9551C /* PBXContainerItemProxy */;
		};
		E6E4209426A7DF5800B82624 /* PBXTargetDependency */ = {
			isa = PBXTargetDependency;
			productRef = E6E4209326A7DF5800B82624 /* InflectorKit */;
		};
/* End PBXTargetDependency section */

/* Begin XCBuildConfiguration section */
		9B7B6F4C233C26D100F32205 /* Debug */ = {
			isa = XCBuildConfiguration;
			baseConfigurationReference = 9B7B6F55233C27A000F32205 /* Apollo-Target-ApolloCodegenLib.xcconfig */;
			buildSettings = {
			};
			name = Debug;
		};
		9B7B6F4D233C26D100F32205 /* Release */ = {
			isa = XCBuildConfiguration;
			baseConfigurationReference = 9B7B6F55233C27A000F32205 /* Apollo-Target-ApolloCodegenLib.xcconfig */;
			buildSettings = {
			};
			name = Release;
		};
		9FC750561D2A532D00458D91 /* Debug */ = {
			isa = XCBuildConfiguration;
			baseConfigurationReference = 90690D05224333DA00FC2E54 /* Apollo-Project-Debug.xcconfig */;
			buildSettings = {
			};
			name = Debug;
		};
		9FC750571D2A532D00458D91 /* Release */ = {
			isa = XCBuildConfiguration;
			baseConfigurationReference = 90690D07224333DA00FC2E54 /* Apollo-Project-Release.xcconfig */;
			buildSettings = {
			};
			name = Release;
		};
		E687B3C528B398CC00A9551C /* Debug */ = {
			isa = XCBuildConfiguration;
			baseConfigurationReference = E687B3F328B39A9100A9551C /* Apollo-Target-CodegenCLI.xcconfig */;
			buildSettings = {
			};
			name = Debug;
		};
		E687B3C628B398CC00A9551C /* Release */ = {
			isa = XCBuildConfiguration;
			baseConfigurationReference = E687B3F328B39A9100A9551C /* Apollo-Target-CodegenCLI.xcconfig */;
			buildSettings = {
			};
			name = Release;
		};
/* End XCBuildConfiguration section */

/* Begin XCConfigurationList section */
		9B7B6F4F233C26D200F32205 /* Build configuration list for PBXNativeTarget "ApolloCodegenLib" */ = {
			isa = XCConfigurationList;
			buildConfigurations = (
				9B7B6F4C233C26D100F32205 /* Debug */,
				9B7B6F4D233C26D100F32205 /* Release */,
			);
			defaultConfigurationIsVisible = 0;
			defaultConfigurationName = Release;
		};
		9FC7503E1D2A532C00458D91 /* Build configuration list for PBXProject "ApolloCodegen" */ = {
			isa = XCConfigurationList;
			buildConfigurations = (
				9FC750561D2A532D00458D91 /* Debug */,
				9FC750571D2A532D00458D91 /* Release */,
			);
			defaultConfigurationIsVisible = 0;
			defaultConfigurationName = Release;
		};
		E687B3C828B398CC00A9551C /* Build configuration list for PBXNativeTarget "CodegenCLI" */ = {
			isa = XCConfigurationList;
			buildConfigurations = (
				E687B3C528B398CC00A9551C /* Debug */,
				E687B3C628B398CC00A9551C /* Release */,
			);
			defaultConfigurationIsVisible = 0;
			defaultConfigurationName = Release;
		};
/* End XCConfigurationList section */

/* Begin XCRemoteSwiftPackageReference section */
		9B7BDAF423FDEE2600ACD198 /* XCRemoteSwiftPackageReference "SQLite.swift" */ = {
			isa = XCRemoteSwiftPackageReference;
			repositoryURL = "https://github.com/stephencelis/SQLite.swift.git";
			requirement = {
				kind = upToNextMajorVersion;
				minimumVersion = 0.13.1;
			};
		};
		DE5EB9C326EFD4D10004176A /* XCRemoteSwiftPackageReference "Nimble" */ = {
			isa = XCRemoteSwiftPackageReference;
			repositoryURL = "https://github.com/Quick/Nimble.git";
			requirement = {
				kind = upToNextMajorVersion;
				minimumVersion = 10.0.0;
			};
		};
		DEAFB784270652AF00BE02F3 /* XCRemoteSwiftPackageReference "swift-collections" */ = {
			isa = XCRemoteSwiftPackageReference;
			repositoryURL = "https://github.com/apple/swift-collections.git";
			requirement = {
				kind = upToNextMajorVersion;
				minimumVersion = 1.0.0;
			};
		};
		E687B3EF28B39A0F00A9551C /* XCRemoteSwiftPackageReference "swift-argument-parser" */ = {
			isa = XCRemoteSwiftPackageReference;
			repositoryURL = "https://github.com/apple/swift-argument-parser.git";
			requirement = {
				kind = upToNextMajorVersion;
				minimumVersion = 1.2.0;
			};
		};
		E6E4209026A7DF4200B82624 /* XCRemoteSwiftPackageReference "InflectorKit" */ = {
			isa = XCRemoteSwiftPackageReference;
			repositoryURL = "https://github.com/mattt/InflectorKit.git";
			requirement = {
				kind = upToNextMajorVersion;
				minimumVersion = 1.0.0;
			};
		};
/* End XCRemoteSwiftPackageReference section */

/* Begin XCSwiftPackageProductDependency section */
		DEAFB786270652D100BE02F3 /* OrderedCollections */ = {
			isa = XCSwiftPackageProductDependency;
			package = DEAFB784270652AF00BE02F3 /* XCRemoteSwiftPackageReference "swift-collections" */;
			productName = OrderedCollections;
		};
		E687B3F128B39A5B00A9551C /* ArgumentParser */ = {
			isa = XCSwiftPackageProductDependency;
			package = E687B3EF28B39A0F00A9551C /* XCRemoteSwiftPackageReference "swift-argument-parser" */;
			productName = ArgumentParser;
		};
		E6E4209126A7DF4200B82624 /* InflectorKit */ = {
			isa = XCSwiftPackageProductDependency;
			package = E6E4209026A7DF4200B82624 /* XCRemoteSwiftPackageReference "InflectorKit" */;
			productName = InflectorKit;
		};
		E6E4209326A7DF5800B82624 /* InflectorKit */ = {
			isa = XCSwiftPackageProductDependency;
			package = E6E4209026A7DF4200B82624 /* XCRemoteSwiftPackageReference "InflectorKit" */;
			productName = InflectorKit;
		};
/* End XCSwiftPackageProductDependency section */
	};
	rootObject = 9FC7503B1D2A532C00458D91 /* Project object */;
}
